<?xml version="1.0" encoding="utf-8"?>
<Project ToolsVersion="4.0" xmlns="http://schemas.microsoft.com/developer/msbuild/2003">
  <ItemGroup>
    <Filter Include="Source Files">
      <UniqueIdentifier>{06e84af8-503c-41f0-b131-c88f2b183d24}</UniqueIdentifier>
      <Extensions>cpp;c;cxx;rc;def;r;odl;idl;hpj;bat</Extensions>
    </Filter>
    <Filter Include="Header Files">
      <UniqueIdentifier>{d5720914-9928-4f4d-a76a-92c59a0a19b6}</UniqueIdentifier>
      <Extensions>h;hpp;hxx;hm;inl</Extensions>
    </Filter>
  </ItemGroup>
  <ItemGroup>
    <ClCompile Include="double\acos.cpp">
      <Filter>Source Files</Filter>
    </ClCompile>
    <ClCompile Include="repr\ap.cpp">
      <Filter>Source Files</Filter>
    </ClCompile>
    <ClCompile Include="type\argType.cpp">
      <Filter>Source Files</Filter>
    </ClCompile>
    <ClCompile Include="repr\arity.cpp">
      <Filter>Source Files</Filter>
    </ClCompile>
    <ClCompile Include="type\array.cpp">
      <Filter>Source Files</Filter>
    </ClCompile>
    <ClCompile Include="double\asin.cpp">
      <Filter>Source Files</Filter>
    </ClCompile>
    <ClCompile Include="double\atan.cpp">
      <Filter>Source Files</Filter>
    </ClCompile>
    <ClCompile Include="double\atan2.cpp">
      <Filter>Source Files</Filter>
    </ClCompile>
    <ClCompile Include="class\bitsClass.cpp">
      <Filter>Source Files</Filter>
    </ClCompile>
    <ClCompile Include="bool\bool.cpp">
      <Filter>Source Files</Filter>
    </ClCompile>
    <ClCompile Include="repr\builtInFn.cpp">
      <Filter>Source Files</Filter>
    </ClCompile>
    <ClCompile Include="byteString\bytesToString.cpp">
      <Filter>Source Files</Filter>
    </ClCompile>
    <ClCompile Include="byteString\byteString.cpp">
      <Filter>Source Files</Filter>
    </ClCompile>
    <ClCompile Include="repr\cellInfo.cpp">
      <Filter>Source Files</Filter>
    </ClCompile>
    <ClCompile Include="char\char.cpp">
      <Filter>Source Files</Filter>
    </ClCompile>
    <ClCompile Include="repr\class.cpp">
      <Filter>Source Files</Filter>
    </ClCompile>
    <ClCompile Include="machine\closure.cpp">
      <Filter>Source Files</Filter>
    </ClCompile>
    <ClCompile Include="double\cos.cpp">
      <Filter>Source Files</Filter>
    </ClCompile>
    <ClCompile Include="double\cosh.cpp">
      <Filter>Source Files</Filter>
    </ClCompile>
    <ClCompile Include="repr\dataCon.cpp">
      <Filter>Source Files</Filter>
    </ClCompile>
    <ClCompile Include="type\destroyTypeSig.cpp">
      <Filter>Source Files</Filter>
    </ClCompile>
    <ClCompile Include="double\double.cpp">
      <Filter>Source Files</Filter>
    </ClCompile>
    <ClCompile Include="machine\enter.cpp">
      <Filter>Source Files</Filter>
    </ClCompile>
    <ClCompile Include="machine\enterReturn.cpp">
      <Filter>Source Files</Filter>
    </ClCompile>
    <ClCompile Include="bool\eqBool.cpp">
      <Filter>Source Files</Filter>
    </ClCompile>
    <ClCompile Include="char\eqChar.cpp">
      <Filter>Source Files</Filter>
    </ClCompile>
    <ClCompile Include="class\eqClass.cpp">
      <Filter>Source Files</Filter>
    </ClCompile>
    <ClCompile Include="double\eqDouble.cpp">
      <Filter>Source Files</Filter>
    </ClCompile>
    <ClCompile Include="float\eqFloat.cpp">
      <Filter>Source Files</Filter>
    </ClCompile>
    <ClCompile Include="int\eqInt.cpp">
      <Filter>Source Files</Filter>
    </ClCompile>
    <ClCompile Include="name\eqName.cpp">
      <Filter>Source Files</Filter>
    </ClCompile>
    <ClCompile Include="string\eqString.cpp">
      <Filter>Source Files</Filter>
    </ClCompile>
    <ClCompile Include="type\eqType.cpp">
      <Filter>Source Files</Filter>
    </ClCompile>
    <ClCompile Include="UTC\eqUTC.cpp">
      <Filter>Source Files</Filter>
    </ClCompile>
    <ClCompile Include="machine\error.cpp">
      <Filter>Source Files</Filter>
    </ClCompile>
    <ClCompile Include="machine\eval.cpp">
      <Filter>Source Files</Filter>
    </ClCompile>
    <ClCompile Include="machine\exit.cpp">
      <Filter>Source Files</Filter>
    </ClCompile>
    <ClCompile Include="double\exp.cpp">
      <Filter>Source Files</Filter>
    </ClCompile>
    <ClCompile Include="repr\expr.cpp">
      <Filter>Source Files</Filter>
    </ClCompile>
    <ClCompile Include="float\float.cpp">
      <Filter>Source Files</Filter>
    </ClCompile>
    <ClCompile Include="char\formatChar.cpp">
      <Filter>Source Files</Filter>
    </ClCompile>
    <ClCompile Include="int\formatInt.cpp">
      <Filter>Source Files</Filter>
    </ClCompile>
    <ClCompile Include="string\formatString.cpp">
      <Filter>Source Files</Filter>
    </ClCompile>
    <ClCompile Include="UTC\formatUTC.cpp">
      <Filter>Source Files</Filter>
    </ClCompile>
    <ClCompile Include="repr\formOf.cpp">
      <Filter>Source Files</Filter>
    </ClCompile>
    <ClCompile Include="class\fractionalClass.cpp">
      <Filter>Source Files</Filter>
    </ClCompile>
    <ClCompile Include="double\fractionalDouble.cpp">
      <Filter>Source Files</Filter>
    </ClCompile>
    <ClCompile Include="float\fractionalFloat.cpp">
      <Filter>Source Files</Filter>
    </ClCompile>
    <ClCompile Include="type\hashTypeSig.cpp">
      <Filter>Source Files</Filter>
    </ClCompile>
    <ClCompile Include="repr\headForm.cpp">
      <Filter>Source Files</Filter>
    </ClCompile>
    <ClCompile Include="int\int.cpp">
      <Filter>Source Files</Filter>
    </ClCompile>
    <ClCompile Include="class\integralClass.cpp">
      <Filter>Source Files</Filter>
    </ClCompile>
    <ClCompile Include="int\integralInt.cpp">
      <Filter>Source Files</Filter>
    </ClCompile>
    <ClCompile Include="type\isSumType.cpp">
      <Filter>Source Files</Filter>
    </ClCompile>
    <ClCompile Include="repr\label.cpp">
      <Filter>Source Files</Filter>
    </ClCompile>
    <ClCompile Include="linkage\linkage.cpp">
      <Filter>Source Files</Filter>
    </ClCompile>
    <ClCompile Include="type\loadTypeSig.cpp">
      <Filter>Source Files</Filter>
    </ClCompile>
    <ClCompile Include="double\log.cpp">
      <Filter>Source Files</Filter>
    </ClCompile>
    <ClCompile Include="double\log10.cpp">
      <Filter>Source Files</Filter>
    </ClCompile>
    <ClCompile Include="machine\machine.cpp">
      <Filter>Source Files</Filter>
    </ClCompile>
    <ClCompile Include="module\module.cpp">
      <Filter>Source Files</Filter>
    </ClCompile>
    <ClCompile Include="class\numClass.cpp">
      <Filter>Source Files</Filter>
    </ClCompile>
    <ClCompile Include="double\numDouble.cpp">
      <Filter>Source Files</Filter>
    </ClCompile>
    <ClCompile Include="float\numFloat.cpp">
      <Filter>Source Files</Filter>
    </ClCompile>
    <ClCompile Include="repr\object.cpp">
      <Filter>Source Files</Filter>
    </ClCompile>
    <ClCompile Include="class\objectClass.cpp">
      <Filter>Source Files</Filter>
    </ClCompile>
    <ClCompile Include="char\ordChar.cpp">
      <Filter>Source Files</Filter>
    </ClCompile>
    <ClCompile Include="class\ordClass.cpp">
      <Filter>Source Files</Filter>
    </ClCompile>
    <ClCompile Include="double\ordDouble.cpp">
      <Filter>Source Files</Filter>
    </ClCompile>
    <ClCompile Include="ord\ordering.cpp">
      <Filter>Source Files</Filter>
    </ClCompile>
    <ClCompile Include="float\ordFloat.cpp">
      <Filter>Source Files</Filter>
    </ClCompile>
    <ClCompile Include="int\ordInt.cpp">
      <Filter>Source Files</Filter>
    </ClCompile>
    <ClCompile Include="string\ordString.cpp">
      <Filter>Source Files</Filter>
    </ClCompile>
    <ClCompile Include="UTC\ordUTC.cpp">
      <Filter>Source Files</Filter>
    </ClCompile>
    <ClCompile Include="machine\postConstructorInit.cpp">
      <Filter>Source Files</Filter>
    </ClCompile>
    <ClCompile Include="machine\postEval.cpp">
      <Filter>Source Files</Filter>
    </ClCompile>
    <ClCompile Include="double\pow.cpp">
      <Filter>Source Files</Filter>
    </ClCompile>
    <ClCompile Include="machine\preEval.cpp">
      <Filter>Source Files</Filter>
    </ClCompile>
    <ClCompile Include="machine\printExpr.cpp">
      <Filter>Source Files</Filter>
    </ClCompile>
    <ClCompile Include="ptr\ptr.cpp">
      <Filter>Source Files</Filter>
    </ClCompile>
    <ClCompile Include="repr\repr.cpp">
      <Filter>Source Files</Filter>
    </ClCompile>
    <ClCompile Include="type\resultType.cpp">
      <Filter>Source Files</Filter>
    </ClCompile>
    <ClCompile Include="type\setArgFlags.cpp">
      <Filter>Source Files</Filter>
    </ClCompile>
    <ClCompile Include="bool\showBool.cpp">
      <Filter>Source Files</Filter>
    </ClCompile>
    <ClCompile Include="bool\insertTxtBool.cpp">
      <Filter>Source Files</Filter>
    </ClCompile>
    <ClCompile Include="byteString\showByteString.cpp">
      <Filter>Source Files</Filter>
    </ClCompile>
    <ClCompile Include="byteString\insertTxtByteString.cpp">
      <Filter>Source Files</Filter>
    </ClCompile>
    <ClCompile Include="char\showChar.cpp">
      <Filter>Source Files</Filter>
    </ClCompile>
    <ClCompile Include="char\insertTxtChar.cpp">
      <Filter>Source Files</Filter>
    </ClCompile>
    <ClCompile Include="class\showClass.cpp">
      <Filter>Source Files</Filter>
    </ClCompile>
    <ClCompile Include="double\showDouble.cpp">
      <Filter>Source Files</Filter>
    </ClCompile>
    <ClCompile Include="double\insertTxtDouble.cpp">
      <Filter>Source Files</Filter>
    </ClCompile>
    <ClCompile Include="float\showFloat.cpp">
      <Filter>Source Files</Filter>
    </ClCompile>
    <ClCompile Include="float\insertTxtFloat.cpp">
      <Filter>Source Files</Filter>
    </ClCompile>
    <ClCompile Include="int\showInt.cpp">
      <Filter>Source Files</Filter>
    </ClCompile>
    <ClCompile Include="int\insertTxtInt.cpp">
      <Filter>Source Files</Filter>
    </ClCompile>
    <ClCompile Include="name\showName.cpp">
      <Filter>Source Files</Filter>
    </ClCompile>
    <ClCompile Include="name\insertTxtName.cpp">
      <Filter>Source Files</Filter>
    </ClCompile>
    <ClCompile Include="ord\showOrdering.cpp">
      <Filter>Source Files</Filter>
    </ClCompile>
    <ClCompile Include="ord\insertTxtOrdering.cpp">
      <Filter>Source Files</Filter>
    </ClCompile>
    <ClCompile Include="tuple\showPair.cpp">
      <Filter>Source Files</Filter>
    </ClCompile>
    <ClCompile Include="tuple\insertTxtPair.cpp">
      <Filter>Source Files</Filter>
    </ClCompile>
    <ClCompile Include="string\showString.cpp">
      <Filter>Source Files</Filter>
    </ClCompile>
    <ClCompile Include="string\insertTxtString.cpp">
      <Filter>Source Files</Filter>
    </ClCompile>
    <ClCompile Include="type\showType.cpp">
      <Filter>Source Files</Filter>
    </ClCompile>
    <ClCompile Include="type\insertTxtType.cpp">
      <Filter>Source Files</Filter>
    </ClCompile>
    <ClCompile Include="UTC\showUTC.cpp">
      <Filter>Source Files</Filter>
    </ClCompile>
    <ClCompile Include="UTC\insertTxtUTC.cpp">
      <Filter>Source Files</Filter>
    </ClCompile>
    <ClCompile Include="double\sin.cpp">
      <Filter>Source Files</Filter>
    </ClCompile>
    <ClCompile Include="double\sinh.cpp">
      <Filter>Source Files</Filter>
    </ClCompile>
    <ClCompile Include="double\sqrt.cpp">
      <Filter>Source Files</Filter>
    </ClCompile>
    <ClCompile Include="machine\start.cpp">
      <Filter>Source Files</Filter>
    </ClCompile>
    <ClCompile Include="machine\stop.cpp">
      <Filter>Source Files</Filter>
    </ClCompile>
    <ClCompile Include="type\storeTypeSig.cpp">
      <Filter>Source Files</Filter>
    </ClCompile>
    <ClCompile Include="string\string.cpp">
      <Filter>Source Files</Filter>
    </ClCompile>
    <ClCompile Include="double\tan.cpp">
      <Filter>Source Files</Filter>
    </ClCompile>
    <ClCompile Include="double\tanh.cpp">
      <Filter>Source Files</Filter>
    </ClCompile>
    <ClCompile Include="UTC\time.cpp">
      <Filter>Source Files</Filter>
    </ClCompile>
    <ClCompile Include="UTC\timeDiff.cpp">
      <Filter>Source Files</Filter>
    </ClCompile>
    <ClCompile Include="machine\trace.cpp">
      <Filter>Source Files</Filter>
    </ClCompile>
    <ClCompile Include="tuple\tuple.cpp">
      <Filter>Source Files</Filter>
    </ClCompile>
    <ClCompile Include="repr\typeCon.cpp">
      <Filter>Source Files</Filter>
    </ClCompile>
    <ClCompile Include="type\unpackTypeSig.cpp">
      <Filter>Source Files</Filter>
    </ClCompile>
    <ClCompile Include="UTC\UTC.cpp">
      <Filter>Source Files</Filter>
    </ClCompile>
    <ClCompile Include="void\void.cpp">
      <Filter>Source Files</Filter>
    </ClCompile>
    <ClCompile Include="env\env.cpp">
      <Filter>Source Files</Filter>
    </ClCompile>
    <ClCompile Include="repr\nameExprMap.cpp">
      <Filter>Source Files</Filter>
    </ClCompile>
    <ClCompile Include="repr\builtInDataCon.cpp">
      <Filter>Source Files</Filter>
    </ClCompile>
    <ClCompile Include="..\..\nameTable\hash.cpp">
      <Filter>Source Files</Filter>
    </ClCompile>
    <ClCompile Include="string\hashString.cpp">
      <Filter>Source Files</Filter>
    </ClCompile>
    <ClCompile Include="name\hashName.cpp">
      <Filter>Source Files</Filter>
    </ClCompile>
    <ClCompile Include="string\mapString.cpp">
      <Filter>Source Files</Filter>
    </ClCompile>
    <ClCompile Include="module\byteCodeModule.cpp">
      <Filter>Source Files</Filter>
    </ClCompile>
    <ClCompile Include="module\builtInModule.cpp">
      <Filter>Source Files</Filter>
    </ClCompile>
    <ClCompile Include="double\degrees.cpp">
      <Filter>Source Files</Filter>
    </ClCompile>
    <ClCompile Include="double\radians.cpp">
      <Filter>Source Files</Filter>
    </ClCompile>
    <ClCompile Include="double\formatDouble.cpp">
      <Filter>Source Files</Filter>
    </ClCompile>
    <ClCompile Include="Any\mapAnyPtr.cpp">
      <Filter>Source Files</Filter>
    </ClCompile>
    <ClCompile Include="ptr\eqPtr.cpp">
      <Filter>Source Files</Filter>
    </ClCompile>
    <ClCompile Include="machine\mapClosure.cpp">
      <Filter>Source Files</Filter>
    </ClCompile>
    <ClCompile Include="dir\openDir.cpp">
      <Filter>Source Files</Filter>
    </ClCompile>
    <ClCompile Include="dir\nextDirEntry.cpp">
      <Filter>Source Files</Filter>
    </ClCompile>
    <ClCompile Include="dir\dirEntryName.cpp">
      <Filter>Source Files</Filter>
    </ClCompile>
    <ClCompile Include="dir\closeDir.cpp">
      <Filter>Source Files</Filter>
    </ClCompile>
    <ClCompile Include="dir\dir.cpp">
      <Filter>Source Files</Filter>
    </ClCompile>
    <ClCompile Include="module\importNameAddr.cpp">
      <Filter>Source Files</Filter>
    </ClCompile>
    <ClCompile Include="repr\builtIn.cpp">
      <Filter>Source Files</Filter>
    </ClCompile>
    <ClCompile Include="repr\nameExprBinding.cpp">
      <Filter>Source Files</Filter>
    </ClCompile>
    <ClCompile Include="machine\indirection.cpp">
      <Filter>Source Files</Filter>
    </ClCompile>
    <ClCompile Include="binding\binding.cpp">
      <Filter>Source Files</Filter>
    </ClCompile>
    <ClCompile Include="repr\sizeOfRepr.cpp">
      <Filter>Source Files</Filter>
    </ClCompile>
    <ClCompile Include="float\formatFloat.cpp">
      <Filter>Source Files</Filter>
    </ClCompile>
    <ClCompile Include="string\substring.cpp">
      <Filter>Source Files</Filter>
    </ClCompile>
    <ClCompile Include="byteString\mapByteString.cpp">
      <Filter>Source Files</Filter>
    </ClCompile>
    <ClCompile Include="int\fetchInt.cpp">
      <Filter>Source Files</Filter>
    </ClCompile>
    <ClCompile Include="double\fetchDouble.cpp">
      <Filter>Source Files</Filter>
    </ClCompile>
    <ClCompile Include="thread\delay.cpp">
      <Filter>Source Files</Filter>
    </ClCompile>
    <ClCompile Include="machine\trampoline.cpp">
      <Filter>Source Files</Filter>
    </ClCompile>
    <ClCompile Include="any\markAny_GC.cpp">
      <Filter>Source Files</Filter>
    </ClCompile>
    <ClCompile Include="name\nameString.cpp">
      <Filter>Source Files</Filter>
    </ClCompile>
    <ClCompile Include="double\strictCastDouble.cpp">
      <Filter>Source Files</Filter>
    </ClCompile>
    <ClCompile Include="float\strictCastFloat.cpp">
      <Filter>Source Files</Filter>
    </ClCompile>
    <ClCompile Include="machine\frameDescr.cpp">
      <Filter>Source Files</Filter>
    </ClCompile>
    <ClCompile Include="string\markString_GC.cpp">
      <Filter>Source Files</Filter>
    </ClCompile>
    <ClCompile Include="interpreter\assignSegmentImports.cpp">
      <Filter>Source Files</Filter>
    </ClCompile>
    <ClCompile Include="interpreter\copyICellInfo.cpp">
      <Filter>Source Files</Filter>
    </ClCompile>
    <ClCompile Include="interpreter\copySegment.cpp">
      <Filter>Source Files</Filter>
    </ClCompile>
    <ClCompile Include="interpreter\exec.cpp">
      <Filter>Source Files</Filter>
    </ClCompile>
    <ClCompile Include="interpreter\exec_GC.cpp">
      <Filter>Source Files</Filter>
    </ClCompile>
    <ClCompile Include="interpreter\ExportMap.cpp">
      <Filter>Source Files</Filter>
    </ClCompile>
    <ClCompile Include="interpreter\handleScriptInput.cpp">
      <Filter>Source Files</Filter>
    </ClCompile>
    <ClCompile Include="interpreter\mapType.cpp">
      <Filter>Source Files</Filter>
    </ClCompile>
    <ClCompile Include="interpreter\opCodeToString.cpp">
      <Filter>Source Files</Filter>
    </ClCompile>
    <ClCompile Include="interpreter\segmentTable.cpp">
      <Filter>Source Files</Filter>
    </ClCompile>
    <ClCompile Include="list\list.cpp">
      <Filter>Source Files</Filter>
    </ClCompile>
    <ClCompile Include="maybe\maybe.cpp">
      <Filter>Source Files</Filter>
    </ClCompile>
    <ClCompile Include="string\seqString.cpp">
      <Filter>Source Files</Filter>
    </ClCompile>
    <ClCompile Include="when\showWhen.cpp">
      <Filter>Source Files</Filter>
    </ClCompile>
    <ClCompile Include="when\insertTxtWhen.cpp">
      <Filter>Source Files</Filter>
    </ClCompile>
    <ClCompile Include="when\when.cpp">
      <Filter>Source Files</Filter>
    </ClCompile>
    <ClCompile Include="interpreter\eqSegment.cpp">
      <Filter>Source Files</Filter>
    </ClCompile>
    <ClCompile Include="interpreter\segmentLength.cpp">
      <Filter>Source Files</Filter>
    </ClCompile>
    <ClCompile Include="interpreter\segmentHash.cpp">
      <Filter>Source Files</Filter>
    </ClCompile>
    <ClCompile Include="interpreter\hashSegment.cpp">
      <Filter>Source Files</Filter>
    </ClCompile>
    <ClCompile Include="interpreter\segmentEnv.cpp">
      <Filter>Source Files</Filter>
    </ClCompile>
    <ClCompile Include="interpreter\segmentRackSlotPtr.cpp">
      <Filter>Source Files</Filter>
    </ClCompile>
    <ClCompile Include="ref\ref.cpp">
      <Filter>Source Files</Filter>
    </ClCompile>
    <ClCompile Include="plain\plain.cpp">
      <Filter>Source Files</Filter>
    </ClCompile>
    <ClCompile Include="byte\byte.cpp">
      <Filter>Source Files</Filter>
    </ClCompile>
    <ClCompile Include="byte\strictCastByte.cpp">
      <Filter>Source Files</Filter>
    </ClCompile>
    <ClCompile Include="env\insertBinEnv.cpp">
      <Filter>Source Files</Filter>
    </ClCompile>
    <ClCompile Include="env\extractBinEnv.cpp">
      <Filter>Source Files</Filter>
    </ClCompile>
    <ClCompile Include="module\typeConSig.cpp">
      <Filter>Source Files</Filter>
    </ClCompile>
    <ClCompile Include="interpreter\storeSegment.cpp">
      <Filter>Source Files</Filter>
    </ClCompile>
    <ClCompile Include="interpreter\loadSegment.cpp">
      <Filter>Source Files</Filter>
    </ClCompile>
    <ClCompile Include="interpreter\initSegment.cpp">
      <Filter>Source Files</Filter>
    </ClCompile>
    <ClCompile Include="interpreter\segmentInfo.cpp">
      <Filter>Source Files</Filter>
    </ClCompile>
    <ClCompile Include="int\insertBinInt.cpp">
      <Filter>Source Files</Filter>
    </ClCompile>
    <ClCompile Include="int\extractBinInt.cpp">
      <Filter>Source Files</Filter>
    </ClCompile>
    <ClCompile Include="name\extractBinName.cpp">
      <Filter>Source Files</Filter>
    </ClCompile>
    <ClCompile Include="name\insertBinName.cpp">
      <Filter>Source Files</Filter>
    </ClCompile>
    <ClCompile Include="streams\extractArchive.cpp">
      <Filter>Source Files</Filter>
    </ClCompile>
    <ClCompile Include="streams\insertArchive.cpp">
      <Filter>Source Files</Filter>
    </ClCompile>
    <ClCompile Include="streams\serialContext.cpp">
      <Filter>Source Files</Filter>
    </ClCompile>
    <ClCompile Include="streams\extractBinTag.cpp">
      <Filter>Source Files</Filter>
    </ClCompile>
    <ClCompile Include="streams\extractBinSerialString.cpp">
      <Filter>Source Files</Filter>
    </ClCompile>
    <ClCompile Include="streams\insertBinSerialString.cpp">
      <Filter>Source Files</Filter>
    </ClCompile>
    <ClCompile Include="streams\insertBinTag.cpp">
      <Filter>Source Files</Filter>
    </ClCompile>
    <ClCompile Include="streams\insertTxtTag.cpp">
      <Filter>Source Files</Filter>
    </ClCompile>
    <ClCompile Include="streams\putChar.cpp">
      <Filter>Source Files</Filter>
    </ClCompile>
    <ClCompile Include="streams\streams.cpp">
      <Filter>Source Files</Filter>
    </ClCompile>
    <ClCompile Include="any\evalAny.cpp">
      <Filter>Source Files</Filter>
    </ClCompile>
    <ClCompile Include="any\extractBinAnyPtr.cpp">
      <Filter>Source Files</Filter>
    </ClCompile>
    <ClCompile Include="any\showAny.cpp">
      <Filter>Source Files</Filter>
    </ClCompile>
    <ClCompile Include="any\insertTxtAny.cpp">
      <Filter>Source Files</Filter>
    </ClCompile>
    <ClCompile Include="any\insertBinAnyPtr.cpp">
      <Filter>Source Files</Filter>
    </ClCompile>
    <ClCompile Include="type\extractBinType.cpp">
      <Filter>Source Files</Filter>
    </ClCompile>
    <ClCompile Include="type\insertBinType.cpp">
      <Filter>Source Files</Filter>
    </ClCompile>
    <ClCompile Include="float\extractBinFloat.cpp">
      <Filter>Source Files</Filter>
    </ClCompile>
    <ClCompile Include="float\insertBinFloat.cpp">
      <Filter>Source Files</Filter>
    </ClCompile>
    <ClCompile Include="double\extractBinDouble.cpp">
      <Filter>Source Files</Filter>
    </ClCompile>
    <ClCompile Include="double\insertBinDouble.cpp">
      <Filter>Source Files</Filter>
    </ClCompile>
    <ClCompile Include="char\extractBinChar.cpp">
      <Filter>Source Files</Filter>
    </ClCompile>
    <ClCompile Include="char\insertBinChar.cpp">
      <Filter>Source Files</Filter>
    </ClCompile>
    <ClCompile Include="string\extractBinString.cpp">
      <Filter>Source Files</Filter>
    </ClCompile>
    <ClCompile Include="string\insertBinString.cpp">
      <Filter>Source Files</Filter>
    </ClCompile>
    <ClCompile Include="fileIO\closeFile.cpp">
      <Filter>Source Files</Filter>
    </ClCompile>
    <ClCompile Include="fileIO\deleteFile.cpp">
      <Filter>Source Files</Filter>
    </ClCompile>
    <ClCompile Include="fileIO\fileHandle.cpp">
      <Filter>Source Files</Filter>
    </ClCompile>
    <ClCompile Include="fileIO\ioMode.cpp">
      <Filter>Source Files</Filter>
    </ClCompile>
    <ClCompile Include="fileIO\openFile.cpp">
      <Filter>Source Files</Filter>
    </ClCompile>
    <ClCompile Include="fileIO\readFileByte.cpp">
      <Filter>Source Files</Filter>
    </ClCompile>
    <ClCompile Include="fileIO\writeFileByte.cpp">
      <Filter>Source Files</Filter>
    </ClCompile>
    <ClCompile Include="interpreter\ICellInfoMap.cpp">
      <Filter>Source Files</Filter>
    </ClCompile>
    <ClCompile Include="machine\insertBinExpr.cpp">
      <Filter>Source Files</Filter>
    </ClCompile>
    <ClCompile Include="machine\extractBinExpr.cpp">
      <Filter>Source Files</Filter>
    </ClCompile>
    <ClCompile Include="machine\insertBinCell.cpp">
      <Filter>Source Files</Filter>
    </ClCompile>
    <ClCompile Include="machine\extractBinCell.cpp">
      <Filter>Source Files</Filter>
    </ClCompile>
    <ClCompile Include="interpreter\insertBinICell.cpp">
      <Filter>Source Files</Filter>
    </ClCompile>
    <ClCompile Include="interpreter\extractBinICell.cpp">
      <Filter>Source Files</Filter>
    </ClCompile>
    <ClCompile Include="int\srand.cpp">
      <Filter>Source Files</Filter>
    </ClCompile>
    <ClCompile Include="int\random.cpp">
      <Filter>Source Files</Filter>
    </ClCompile>
    <ClCompile Include="machine\memAlloc_GC.cpp">
      <Filter>Source Files</Filter>
    </ClCompile>
    <ClCompile Include="tag\tag.cpp">
      <Filter>Source Files</Filter>
    </ClCompile>
    <ClCompile Include="type\canonicalTypeSig.cpp">
      <Filter>Source Files</Filter>
    </ClCompile>
    <ClCompile Include="extant\extant.cpp">
      <Filter>Source Files</Filter>
    </ClCompile>
    <ClCompile Include="string\lowercaseString.cpp">
      <Filter>Source Files</Filter>
    </ClCompile>
    <ClCompile Include="string\uppercaseString.cpp">
      <Filter>Source Files</Filter>
    </ClCompile>
    <ClCompile Include="ref\insertTxtRef.cpp">
      <Filter>Source Files</Filter>
    </ClCompile>
    <ClCompile Include="string\isSubstring.cpp">
      <Filter>Source Files</Filter>
    </ClCompile>
    <ClCompile Include="dir\makeDir.cpp">
      <Filter>Source Files</Filter>
    </ClCompile>
    <ClCompile Include="dir\removeDir.cpp">
      <Filter>Source Files</Filter>
    </ClCompile>
    <ClCompile Include="bits\bits.cpp">
      <Filter>Source Files</Filter>
    </ClCompile>
    <ClCompile Include="bits\bitwiseBits.cpp">
      <Filter>Source Files</Filter>
    </ClCompile>
    <ClCompile Include="bits\insertTxtBits.cpp">
      <Filter>Source Files</Filter>
    </ClCompile>
    <ClCompile Include="bits\showBits.cpp">
      <Filter>Source Files</Filter>
    </ClCompile>
    <ClCompile Include="bits\strictCastBits.cpp">
      <Filter>Source Files</Filter>
    </ClCompile>
    <ClCompile Include="int\strictCastInt.cpp">
      <Filter>Source Files</Filter>
    </ClCompile>
    <ClCompile Include="name\mapName.cpp">
      <Filter>Source Files</Filter>
    </ClCompile>
    <ClCompile Include="name\printName.cpp">
      <Filter>Source Files</Filter>
    </ClCompile>
    <ClCompile Include="type\printType.cpp">
      <Filter>Source Files</Filter>
    </ClCompile>
    <ClCompile Include="repr\printRepr.cpp">
      <Filter>Source Files</Filter>
    </ClCompile>
    <ClCompile Include="any\any.cpp">
      <Filter>Source Files</Filter>
    </ClCompile>
    <ClCompile Include="name\copyName.cpp">
      <Filter>Source Files</Filter>
    </ClCompile>
    <ClCompile Include="name\name.cpp">
      <Filter>Source Files</Filter>
    </ClCompile>
    <ClCompile Include="type\type.cpp">
      <Filter>Source Files</Filter>
    </ClCompile>
    <ClCompile Include="type\typeTable.cpp">
      <Filter>Source Files</Filter>
    </ClCompile>
    <ClCompile Include="name\iNameTable.cpp">
      <Filter>Source Files</Filter>
    </ClCompile>
  </ItemGroup>
  <ItemGroup>
    <ClInclude Include="..\..\..\header\ivory\builtInFn.h">
      <Filter>Header Files</Filter>
    </ClInclude>
    <ClInclude Include="..\..\..\header\ivory\common.h">
      <Filter>Header Files</Filter>
    </ClInclude>
    <ClInclude Include="..\..\..\header\ivory\dataCon.h">
      <Filter>Header Files</Filter>
    </ClInclude>
    <ClInclude Include="..\..\..\header\ivory\machine.h">
      <Filter>Header Files</Filter>
    </ClInclude>
    <ClInclude Include="..\..\..\header\ivory\repr.h">
      <Filter>Header Files</Filter>
    </ClInclude>
    <ClInclude Include="..\..\..\header\ivory\type.h">
      <Filter>Header Files</Filter>
    </ClInclude>
  </ItemGroup>
</Project>